
Microsoft Visual Studio Solution File, Format Version 12.00
# Visual Studio 2012
Project("{FAE04EC0-301F-11D3-BF4B-00C04F79EFBC}") = "CssAllIN", "CssAllIN\CssAllIN.csproj", "{BB4862FC-F6A7-4CF5-8F28-95ACB3666AAD}"
EndProject
Global
	GlobalSection(SolutionConfigurationPlatforms) = preSolution
		Debug|Any CPU = Debug|Any CPU
		Release|Any CPU = Release|Any CPU
	EndGlobalSection
	GlobalSection(ProjectConfigurationPlatforms) = postSolution
		{BB4862FC-F6A7-4CF5-8F28-95ACB3666AAD}.Debug|Any CPU.ActiveCfg = Debug|Any CPU
		{BB4862FC-F6A7-4CF5-8F28-95ACB3666AAD}.Debug|Any CPU.Build.0 = Debug|Any CPU
		{BB4862FC-F6A7-4CF5-8F28-95ACB3666AAD}.Release|Any CPU.ActiveCfg = Release|Any CPU
		{BB4862FC-F6A7-4CF5-8F28-95ACB3666AAD}.Release|Any CPU.Build.0 = Release|Any CPU
	EndGlobalSection
	GlobalSection(SolutionProperties) = preSolution
		HideSolutionNode = FALSE
	EndGlobalSection
EndGlobal
